
Microsoft Visual Studio Solution File, Format Version 12.00
# Visual Studio Version 16
VisualStudioVersion = 16.0.30717.126
MinimumVisualStudioVersion = 10.0.40219.1
Project("{FAE04EC0-301F-11D3-BF4B-00C04F79EFBC}") = "pipeline", "pipeline\pipeline.csproj", "{C24A7B61-9FD4-4E23-9207-5CE1071ADF80}"
EndProject
Global
	GlobalSection(SolutionConfigurationPlatforms) = preSolution
		Debug|Any CPU = Debug|Any CPU
		Release|Any CPU = Release|Any CPU
	EndGlobalSection
	GlobalSection(ProjectConfigurationPlatforms) = postSolution
		{C24A7B61-9FD4-4E23-9207-5CE1071ADF80}.Debug|Any CPU.ActiveCfg = Debug|Any CPU
		{C24A7B61-9FD4-4E23-9207-5CE1071ADF80}.Debug|Any CPU.Build.0 = Debug|Any CPU
		{C24A7B61-9FD4-4E23-9207-5CE1071ADF80}.Release|Any CPU.ActiveCfg = Release|Any CPU
		{C24A7B61-9FD4-4E23-9207-5CE1071ADF80}.Release|Any CPU.Build.0 = Release|Any CPU
	EndGlobalSection
	GlobalSection(SolutionProperties) = preSolution
		HideSolutionNode = FALSE
	EndGlobalSection
	GlobalSection(ExtensibilityGlobals) = postSolution
		SolutionGuid = {486D31CE-0802-4DBC-868A-5B282869C9ED}
	EndGlobalSection
EndGlobal
